
Microsoft Visual Studio Solution File, Format Version 12.00
# Visual Studio Version 16
VisualStudioVersion = 16.0.32228.343
MinimumVisualStudioVersion = 10.0.40219.1
Project("{FAE04EC0-301F-11D3-BF4B-00C04F79EFBC}") = "List_my", "List_my\List_my.csproj", "{7DF3C6ED-EAC6-4E9A-A5C5-D5E8A65AF7C3}"
EndProject
Project("{FAE04EC0-301F-11D3-BF4B-00C04F79EFBC}") = "Mod_windows", "Mod_windows\Mod_windows.csproj", "{04441A9C-36F7-439A-8561-9B935CDF7672}"
EndProject
Project("{FAE04EC0-301F-11D3-BF4B-00C04F79EFBC}") = "Catalog", "Catalog\Catalog.csproj", "{F88CCF9B-5EA0-40C3-9220-E1F1594CD63D}"
EndProject
Project("{FAE04EC0-301F-11D3-BF4B-00C04F79EFBC}") = "HW", "HW\HW.csproj", "{3DF3ACA4-91F0-4919-8233-C4758475C192}"
EndProject
Project("{FAE04EC0-301F-11D3-BF4B-00C04F79EFBC}") = "Text_edit", "Text_edit\Text_edit.csproj", "{13560BCC-5914-4F5C-B224-9A327AB5D5BD}"
EndProject
Project("{FAE04EC0-301F-11D3-BF4B-00C04F79EFBC}") = "My_graphics", "My_graphics\My_graphics.csproj", "{CBE17F84-0A4C-4D6D-A919-BA7887DC4B88}"
EndProject
Project("{FAE04EC0-301F-11D3-BF4B-00C04F79EFBC}") = "My_paint", "My_paint\My_paint.csproj", "{B4FB66FF-CFF3-4F4C-83C0-DCEDE37AC54B}"
EndProject
Project("{FAE04EC0-301F-11D3-BF4B-00C04F79EFBC}") = "Slide_show", "Slide_show\Slide_show.csproj", "{35650F3E-968A-46D1-AD28-84229769959C}"
EndProject
Project("{FAE04EC0-301F-11D3-BF4B-00C04F79EFBC}") = "My_Listview", "My_Listview\My_Listview.csproj", "{2E2A6FD7-6086-49B4-A783-957C67D307BE}"
EndProject
Global
	GlobalSection(SolutionConfigurationPlatforms) = preSolution
		Debug|Any CPU = Debug|Any CPU
		Release|Any CPU = Release|Any CPU
	EndGlobalSection
	GlobalSection(ProjectConfigurationPlatforms) = postSolution
		{7DF3C6ED-EAC6-4E9A-A5C5-D5E8A65AF7C3}.Debug|Any CPU.ActiveCfg = Debug|Any CPU
		{7DF3C6ED-EAC6-4E9A-A5C5-D5E8A65AF7C3}.Debug|Any CPU.Build.0 = Debug|Any CPU
		{7DF3C6ED-EAC6-4E9A-A5C5-D5E8A65AF7C3}.Release|Any CPU.ActiveCfg = Release|Any CPU
		{7DF3C6ED-EAC6-4E9A-A5C5-D5E8A65AF7C3}.Release|Any CPU.Build.0 = Release|Any CPU
		{04441A9C-36F7-439A-8561-9B935CDF7672}.Debug|Any CPU.ActiveCfg = Debug|Any CPU
		{04441A9C-36F7-439A-8561-9B935CDF7672}.Debug|Any CPU.Build.0 = Debug|Any CPU
		{04441A9C-36F7-439A-8561-9B935CDF7672}.Release|Any CPU.ActiveCfg = Release|Any CPU
		{04441A9C-36F7-439A-8561-9B935CDF7672}.Release|Any CPU.Build.0 = Release|Any CPU
		{F88CCF9B-5EA0-40C3-9220-E1F1594CD63D}.Debug|Any CPU.ActiveCfg = Debug|Any CPU
		{F88CCF9B-5EA0-40C3-9220-E1F1594CD63D}.Debug|Any CPU.Build.0 = Debug|Any CPU
		{F88CCF9B-5EA0-40C3-9220-E1F1594CD63D}.Release|Any CPU.ActiveCfg = Release|Any CPU
		{F88CCF9B-5EA0-40C3-9220-E1F1594CD63D}.Release|Any CPU.Build.0 = Release|Any CPU
		{3DF3ACA4-91F0-4919-8233-C4758475C192}.Debug|Any CPU.ActiveCfg = Debug|Any CPU
		{3DF3ACA4-91F0-4919-8233-C4758475C192}.Debug|Any CPU.Build.0 = Debug|Any CPU
		{3DF3ACA4-91F0-4919-8233-C4758475C192}.Release|Any CPU.ActiveCfg = Release|Any CPU
		{3DF3ACA4-91F0-4919-8233-C4758475C192}.Release|Any CPU.Build.0 = Release|Any CPU
		{13560BCC-5914-4F5C-B224-9A327AB5D5BD}.Debug|Any CPU.ActiveCfg = Debug|Any CPU
		{13560BCC-5914-4F5C-B224-9A327AB5D5BD}.Debug|Any CPU.Build.0 = Debug|Any CPU
		{13560BCC-5914-4F5C-B224-9A327AB5D5BD}.Release|Any CPU.ActiveCfg = Release|Any CPU
		{13560BCC-5914-4F5C-B224-9A327AB5D5BD}.Release|Any CPU.Build.0 = Release|Any CPU
		{CBE17F84-0A4C-4D6D-A919-BA7887DC4B88}.Debug|Any CPU.ActiveCfg = Debug|Any CPU
		{CBE17F84-0A4C-4D6D-A919-BA7887DC4B88}.Debug|Any CPU.Build.0 = Debug|Any CPU
		{CBE17F84-0A4C-4D6D-A919-BA7887DC4B88}.Release|Any CPU.ActiveCfg = Release|Any CPU
		{CBE17F84-0A4C-4D6D-A919-BA7887DC4B88}.Release|Any CPU.Build.0 = Release|Any CPU
		{B4FB66FF-CFF3-4F4C-83C0-DCEDE37AC54B}.Debug|Any CPU.ActiveCfg = Debug|Any CPU
		{B4FB66FF-CFF3-4F4C-83C0-DCEDE37AC54B}.Debug|Any CPU.Build.0 = Debug|Any CPU
		{B4FB66FF-CFF3-4F4C-83C0-DCEDE37AC54B}.Release|Any CPU.ActiveCfg = Release|Any CPU
		{B4FB66FF-CFF3-4F4C-83C0-DCEDE37AC54B}.Release|Any CPU.Build.0 = Release|Any CPU
		{35650F3E-968A-46D1-AD28-84229769959C}.Debug|Any CPU.ActiveCfg = Debug|Any CPU
		{35650F3E-968A-46D1-AD28-84229769959C}.Debug|Any CPU.Build.0 = Debug|Any CPU
		{35650F3E-968A-46D1-AD28-84229769959C}.Release|Any CPU.ActiveCfg = Release|Any CPU
		{35650F3E-968A-46D1-AD28-84229769959C}.Release|Any CPU.Build.0 = Release|Any CPU
		{2E2A6FD7-6086-49B4-A783-957C67D307BE}.Debug|Any CPU.ActiveCfg = Debug|Any CPU
		{2E2A6FD7-6086-49B4-A783-957C67D307BE}.Debug|Any CPU.Build.0 = Debug|Any CPU
		{2E2A6FD7-6086-49B4-A783-957C67D307BE}.Release|Any CPU.ActiveCfg = Release|Any CPU
		{2E2A6FD7-6086-49B4-A783-957C67D307BE}.Release|Any CPU.Build.0 = Release|Any CPU
	EndGlobalSection
	GlobalSection(SolutionProperties) = preSolution
		HideSolutionNode = FALSE
	EndGlobalSection
	GlobalSection(ExtensibilityGlobals) = postSolution
		SolutionGuid = {010E25F2-AB9A-44C3-A353-84B2AD8DB088}
	EndGlobalSection
EndGlobal
